
Microsoft Visual Studio Solution File, Format Version 12.00
# Visual Studio Version 17
VisualStudioVersion = 17.3.32811.315
MinimumVisualStudioVersion = 10.0.40219.1
Project("{FAE04EC0-301F-11D3-BF4B-00C04F79EFBC}") = "Lista11PR2", "Lista11PR2\Lista11PR2.csproj", "{F31A7277-559D-4FA6-8616-8B9F0F7AE55F}"
EndProject
Global
	GlobalSection(SolutionConfigurationPlatforms) = preSolution
		Debug|Any CPU = Debug|Any CPU
		Release|Any CPU = Release|Any CPU
	EndGlobalSection
	GlobalSection(ProjectConfigurationPlatforms) = postSolution
		{F31A7277-559D-4FA6-8616-8B9F0F7AE55F}.Debug|Any CPU.ActiveCfg = Debug|Any CPU
		{F31A7277-559D-4FA6-8616-8B9F0F7AE55F}.Debug|Any CPU.Build.0 = Debug|Any CPU
		{F31A7277-559D-4FA6-8616-8B9F0F7AE55F}.Release|Any CPU.ActiveCfg = Release|Any CPU
		{F31A7277-559D-4FA6-8616-8B9F0F7AE55F}.Release|Any CPU.Build.0 = Release|Any CPU
	EndGlobalSection
	GlobalSection(SolutionProperties) = preSolution
		HideSolutionNode = FALSE
	EndGlobalSection
	GlobalSection(ExtensibilityGlobals) = postSolution
		SolutionGuid = {CE7B98E9-ED24-413F-B6B7-0327196DECBE}
	EndGlobalSection
EndGlobal
